
Microsoft Visual Studio Solution File, Format Version 12.00
# Visual Studio Version 17
VisualStudioVersion = 17.11.35312.102
MinimumVisualStudioVersion = 10.0.40219.1
Project("{9A19103F-16F7-4668-BE54-9A1E7A4F7556}") = "Wpe.SharkCrane.Core", "Wpe.SharkCrane.Core\Wpe.SharkCrane.Core.csproj", "{7D208DEE-ACD3-48A3-A32C-36998EF6DB19}"
EndProject
Project("{9A19103F-16F7-4668-BE54-9A1E7A4F7556}") = "Wpe.SharkCrane.Test", "Wpe.SharkCrane.Test\Wpe.SharkCrane.Test.csproj", "{E6FA5C99-48C6-4EA4-A4C9-02595F288AAD}"
EndProject
Project("{9A19103F-16F7-4668-BE54-9A1E7A4F7556}") = "Wpe.HoistClient.Console", "Wpe.HoistClient.Console\Wpe.HoistClient.Console.csproj", "{C171EC2E-8A15-4DF9-9CA5-FCFB9CAE8874}"
EndProject
Project("{2150E333-8FDC-42A3-9474-1A3956D46DE8}") = "Consoles", "Consoles", "{649022E7-34C2-4CBA-A33C-2E70584CCC47}"
EndProject
Project("{9A19103F-16F7-4668-BE54-9A1E7A4F7556}") = "Wpe.SpreaderClient.Console", "Wpe.SpreaderClient.Console\Wpe.SpreaderClient.Console.csproj", "{AC939F6E-6FC6-4CF4-9C93-0F38FDBAB31F}"
EndProject
Project("{9A19103F-16F7-4668-BE54-9A1E7A4F7556}") = "Wpe.GantryClient.Console", "Wpe.GantryClient.Console\Wpe.GantryClient.Console.csproj", "{BAF147D5-45FD-44C5-9954-0D646AF9E677}"
EndProject
Project("{FAE04EC0-301F-11D3-BF4B-00C04F79EFBC}") = "Wpe.TrolleyClient.Console", "Wpe.TrolleyClient.Console\Wpe.TrolleyClient.Console.csproj", "{EE82D8BC-AB55-4A6D-91D9-E037AE401B94}"
EndProject
Global
	GlobalSection(SolutionConfigurationPlatforms) = preSolution
		Debug|Any CPU = Debug|Any CPU
		Release|Any CPU = Release|Any CPU
	EndGlobalSection
	GlobalSection(ProjectConfigurationPlatforms) = postSolution
		{7D208DEE-ACD3-48A3-A32C-36998EF6DB19}.Debug|Any CPU.ActiveCfg = Debug|Any CPU
		{7D208DEE-ACD3-48A3-A32C-36998EF6DB19}.Debug|Any CPU.Build.0 = Debug|Any CPU
		{7D208DEE-ACD3-48A3-A32C-36998EF6DB19}.Release|Any CPU.ActiveCfg = Release|Any CPU
		{7D208DEE-ACD3-48A3-A32C-36998EF6DB19}.Release|Any CPU.Build.0 = Release|Any CPU
		{E6FA5C99-48C6-4EA4-A4C9-02595F288AAD}.Debug|Any CPU.ActiveCfg = Debug|Any CPU
		{E6FA5C99-48C6-4EA4-A4C9-02595F288AAD}.Debug|Any CPU.Build.0 = Debug|Any CPU
		{E6FA5C99-48C6-4EA4-A4C9-02595F288AAD}.Release|Any CPU.ActiveCfg = Release|Any CPU
		{E6FA5C99-48C6-4EA4-A4C9-02595F288AAD}.Release|Any CPU.Build.0 = Release|Any CPU
		{C171EC2E-8A15-4DF9-9CA5-FCFB9CAE8874}.Debug|Any CPU.ActiveCfg = Debug|Any CPU
		{C171EC2E-8A15-4DF9-9CA5-FCFB9CAE8874}.Debug|Any CPU.Build.0 = Debug|Any CPU
		{C171EC2E-8A15-4DF9-9CA5-FCFB9CAE8874}.Release|Any CPU.ActiveCfg = Release|Any CPU
		{C171EC2E-8A15-4DF9-9CA5-FCFB9CAE8874}.Release|Any CPU.Build.0 = Release|Any CPU
		{AC939F6E-6FC6-4CF4-9C93-0F38FDBAB31F}.Debug|Any CPU.ActiveCfg = Debug|Any CPU
		{AC939F6E-6FC6-4CF4-9C93-0F38FDBAB31F}.Debug|Any CPU.Build.0 = Debug|Any CPU
		{AC939F6E-6FC6-4CF4-9C93-0F38FDBAB31F}.Release|Any CPU.ActiveCfg = Release|Any CPU
		{AC939F6E-6FC6-4CF4-9C93-0F38FDBAB31F}.Release|Any CPU.Build.0 = Release|Any CPU
		{BAF147D5-45FD-44C5-9954-0D646AF9E677}.Debug|Any CPU.ActiveCfg = Debug|Any CPU
		{BAF147D5-45FD-44C5-9954-0D646AF9E677}.Debug|Any CPU.Build.0 = Debug|Any CPU
		{BAF147D5-45FD-44C5-9954-0D646AF9E677}.Release|Any CPU.ActiveCfg = Release|Any CPU
		{BAF147D5-45FD-44C5-9954-0D646AF9E677}.Release|Any CPU.Build.0 = Release|Any CPU
		{EE82D8BC-AB55-4A6D-91D9-E037AE401B94}.Debug|Any CPU.ActiveCfg = Debug|Any CPU
		{EE82D8BC-AB55-4A6D-91D9-E037AE401B94}.Debug|Any CPU.Build.0 = Debug|Any CPU
		{EE82D8BC-AB55-4A6D-91D9-E037AE401B94}.Release|Any CPU.ActiveCfg = Release|Any CPU
		{EE82D8BC-AB55-4A6D-91D9-E037AE401B94}.Release|Any CPU.Build.0 = Release|Any CPU
	EndGlobalSection
	GlobalSection(SolutionProperties) = preSolution
		HideSolutionNode = FALSE
	EndGlobalSection
	GlobalSection(NestedProjects) = preSolution
		{C171EC2E-8A15-4DF9-9CA5-FCFB9CAE8874} = {649022E7-34C2-4CBA-A33C-2E70584CCC47}
		{AC939F6E-6FC6-4CF4-9C93-0F38FDBAB31F} = {649022E7-34C2-4CBA-A33C-2E70584CCC47}
		{BAF147D5-45FD-44C5-9954-0D646AF9E677} = {649022E7-34C2-4CBA-A33C-2E70584CCC47}
		{EE82D8BC-AB55-4A6D-91D9-E037AE401B94} = {649022E7-34C2-4CBA-A33C-2E70584CCC47}
	EndGlobalSection
	GlobalSection(ExtensibilityGlobals) = postSolution
		SolutionGuid = {EE7D1DA8-F0DC-4C2B-8420-4EACADC3A3AC}
	EndGlobalSection
EndGlobal
