
Microsoft Visual Studio Solution File, Format Version 12.00
# Visual Studio Version 17
VisualStudioVersion = 17.11.35312.102
MinimumVisualStudioVersion = 10.0.40219.1
Project("{9A19103F-16F7-4668-BE54-9A1E7A4F7556}") = "Wpe.SpreaderClient.Console", "Wpe.SharkCrane.Cosnole\Wpe.SpreaderClient.Console.csproj", "{AB53F74B-EA4F-4BFB-A3B4-A453C3C435A1}"
EndProject
Project("{9A19103F-16F7-4668-BE54-9A1E7A4F7556}") = "Wpe.SharkCrane.Core", "Wpe.SharkCrane.Core\Wpe.SharkCrane.Core.csproj", "{7D208DEE-ACD3-48A3-A32C-36998EF6DB19}"
EndProject
Project("{9A19103F-16F7-4668-BE54-9A1E7A4F7556}") = "Wpe.SharkCrane.Test", "Wpe.SharkCrane.Test\Wpe.SharkCrane.Test.csproj", "{E6FA5C99-48C6-4EA4-A4C9-02595F288AAD}"
EndProject
Project("{9A19103F-16F7-4668-BE54-9A1E7A4F7556}") = "Wpe.HoistClient.Console", "Wpe.HoistClient.Console\Wpe.HoistClient.Console.csproj", "{C171EC2E-8A15-4DF9-9CA5-FCFB9CAE8874}"
EndProject
Project("{2150E333-8FDC-42A3-9474-1A3956D46DE8}") = "Consoles", "Consoles", "{649022E7-34C2-4CBA-A33C-2E70584CCC47}"
EndProject
Global
	GlobalSection(SolutionConfigurationPlatforms) = preSolution
		Debug|Any CPU = Debug|Any CPU
		Release|Any CPU = Release|Any CPU
	EndGlobalSection
	GlobalSection(ProjectConfigurationPlatforms) = postSolution
		{AB53F74B-EA4F-4BFB-A3B4-A453C3C435A1}.Debug|Any CPU.ActiveCfg = Debug|Any CPU
		{AB53F74B-EA4F-4BFB-A3B4-A453C3C435A1}.Debug|Any CPU.Build.0 = Debug|Any CPU
		{AB53F74B-EA4F-4BFB-A3B4-A453C3C435A1}.Release|Any CPU.ActiveCfg = Release|Any CPU
		{AB53F74B-EA4F-4BFB-A3B4-A453C3C435A1}.Release|Any CPU.Build.0 = Release|Any CPU
		{7D208DEE-ACD3-48A3-A32C-36998EF6DB19}.Debug|Any CPU.ActiveCfg = Debug|Any CPU
		{7D208DEE-ACD3-48A3-A32C-36998EF6DB19}.Debug|Any CPU.Build.0 = Debug|Any CPU
		{7D208DEE-ACD3-48A3-A32C-36998EF6DB19}.Release|Any CPU.ActiveCfg = Release|Any CPU
		{7D208DEE-ACD3-48A3-A32C-36998EF6DB19}.Release|Any CPU.Build.0 = Release|Any CPU
		{E6FA5C99-48C6-4EA4-A4C9-02595F288AAD}.Debug|Any CPU.ActiveCfg = Debug|Any CPU
		{E6FA5C99-48C6-4EA4-A4C9-02595F288AAD}.Debug|Any CPU.Build.0 = Debug|Any CPU
		{E6FA5C99-48C6-4EA4-A4C9-02595F288AAD}.Release|Any CPU.ActiveCfg = Release|Any CPU
		{E6FA5C99-48C6-4EA4-A4C9-02595F288AAD}.Release|Any CPU.Build.0 = Release|Any CPU
		{C171EC2E-8A15-4DF9-9CA5-FCFB9CAE8874}.Debug|Any CPU.ActiveCfg = Debug|Any CPU
		{C171EC2E-8A15-4DF9-9CA5-FCFB9CAE8874}.Debug|Any CPU.Build.0 = Debug|Any CPU
		{C171EC2E-8A15-4DF9-9CA5-FCFB9CAE8874}.Release|Any CPU.ActiveCfg = Release|Any CPU
		{C171EC2E-8A15-4DF9-9CA5-FCFB9CAE8874}.Release|Any CPU.Build.0 = Release|Any CPU
	EndGlobalSection
	GlobalSection(SolutionProperties) = preSolution
		HideSolutionNode = FALSE
	EndGlobalSection
	GlobalSection(NestedProjects) = preSolution
		{AB53F74B-EA4F-4BFB-A3B4-A453C3C435A1} = {649022E7-34C2-4CBA-A33C-2E70584CCC47}
		{C171EC2E-8A15-4DF9-9CA5-FCFB9CAE8874} = {649022E7-34C2-4CBA-A33C-2E70584CCC47}
	EndGlobalSection
	GlobalSection(ExtensibilityGlobals) = postSolution
		SolutionGuid = {EE7D1DA8-F0DC-4C2B-8420-4EACADC3A3AC}
	EndGlobalSection
EndGlobal
